// !$*UTF8*$!
{
	archiveVersion = 1;
	classes = {
	};
	objectVersion = 56;
	objects = {

/* Begin PBXBuildFile section */
		414AB96D2ABBE21C007C7DD8 /* DetalleViewController.swift in Sources */ = {isa = PBXBuildFile; fileRef = 414AB96C2ABBE21C007C7DD8 /* DetalleViewController.swift */; };
		41BC917E2ABE860400060CF3 /* PersonaViewController.swift in Sources */ = {isa = PBXBuildFile; fileRef = 41BC917D2ABE860400060CF3 /* PersonaViewController.swift */; };
		B7B1BDCC2AB2A3E1006DFA32 /* AppDelegate.swift in Sources */ = {isa = PBXBuildFile; fileRef = B7B1BDCB2AB2A3E1006DFA32 /* AppDelegate.swift */; };
		B7B1BDCE2AB2A3E1006DFA32 /* SceneDelegate.swift in Sources */ = {isa = PBXBuildFile; fileRef = B7B1BDCD2AB2A3E1006DFA32 /* SceneDelegate.swift */; };
		B7B1BDD02AB2A3E1006DFA32 /* ViewController.swift in Sources */ = {isa = PBXBuildFile; fileRef = B7B1BDCF2AB2A3E1006DFA32 /* ViewController.swift */; };
		B7B1BDD32AB2A3E1006DFA32 /* Main.storyboard in Resources */ = {isa = PBXBuildFile; fileRef = B7B1BDD12AB2A3E1006DFA32 /* Main.storyboard */; };
		B7B1BDD52AB2A3E2006DFA32 /* Assets.xcassets in Resources */ = {isa = PBXBuildFile; fileRef = B7B1BDD42AB2A3E2006DFA32 /* Assets.xcassets */; };
		B7B1BDD82AB2A3E2006DFA32 /* LaunchScreen.storyboard in Resources */ = {isa = PBXBuildFile; fileRef = B7B1BDD62AB2A3E2006DFA32 /* LaunchScreen.storyboard */; };
/* End PBXBuildFile section */

/* Begin PBXFileReference section */
		414AB96C2ABBE21C007C7DD8 /* DetalleViewController.swift */ = {isa = PBXFileReference; lastKnownFileType = sourcecode.swift; path = DetalleViewController.swift; sourceTree = "<group>"; };
		41BC917D2ABE860400060CF3 /* PersonaViewController.swift */ = {isa = PBXFileReference; lastKnownFileType = sourcecode.swift; path = PersonaViewController.swift; sourceTree = "<group>"; };
		B7B1BDC82AB2A3E1006DFA32 /* appPrueba.app */ = {isa = PBXFileReference; explicitFileType = wrapper.application; includeInIndex = 0; path = appPrueba.app; sourceTree = BUILT_PRODUCTS_DIR; };
		B7B1BDCB2AB2A3E1006DFA32 /* AppDelegate.swift */ = {isa = PBXFileReference; lastKnownFileType = sourcecode.swift; path = AppDelegate.swift; sourceTree = "<group>"; };
		B7B1BDCD2AB2A3E1006DFA32 /* SceneDelegate.swift */ = {isa = PBXFileReference; lastKnownFileType = sourcecode.swift; path = SceneDelegate.swift; sourceTree = "<group>"; };
		B7B1BDCF2AB2A3E1006DFA32 /* ViewController.swift */ = {isa = PBXFileReference; lastKnownFileType = sourcecode.swift; path = ViewController.swift; sourceTree = "<group>"; };
		B7B1BDD22AB2A3E1006DFA32 /* Base */ = {isa = PBXFileReference; lastKnownFileType = file.storyboard; name = Base; path = Base.lproj/Main.storyboard; sourceTree = "<group>"; };
		B7B1BDD42AB2A3E2006DFA32 /* Assets.xcassets */ = {isa = PBXFileReference; lastKnownFileType = folder.assetcatalog; path = Assets.xcassets; sourceTree = "<group>"; };
		B7B1BDD72AB2A3E2006DFA32 /* Base */ = {isa = PBXFileReference; lastKnownFileType = file.storyboard; name = Base; path = Base.lproj/LaunchScreen.storyboard; sourceTree = "<group>"; };
		B7B1BDD92AB2A3E2006DFA32 /* Info.plist */ = {isa = PBXFileReference; lastKnownFileType = text.plist.xml; path = Info.plist; sourceTree = "<group>"; };
/* End PBXFileReference section */

/* Begin PBXFrameworksBuildPhase section */
		B7B1BDC52AB2A3E1006DFA32 /* Frameworks */ = {
			isa = PBXFrameworksBuildPhase;
			buildActionMask = 2147483647;
			files = (
			);
			runOnlyForDeploymentPostprocessing = 0;
		};
/* End PBXFrameworksBuildPhase section */

/* Begin PBXGroup section */
		B7B1BDBF2AB2A3E1006DFA32 = {
			isa = PBXGroup;
			children = (
				B7B1BDCA2AB2A3E1006DFA32 /* appPrueba */,
				B7B1BDC92AB2A3E1006DFA32 /* Products */,
			);
			sourceTree = "<group>";
		};
		B7B1BDC92AB2A3E1006DFA32 /* Products */ = {
			isa = PBXGroup;
			children = (
				B7B1BDC82AB2A3E1006DFA32 /* appPrueba.app */,
			);
			name = Products;
			sourceTree = "<group>";
		};
		B7B1BDCA2AB2A3E1006DFA32 /* appPrueba */ = {
			isa = PBXGroup;
			children = (
				B7B1BDCB2AB2A3E1006DFA32 /* AppDelegate.swift */,
				B7B1BDCD2AB2A3E1006DFA32 /* SceneDelegate.swift */,
				B7B1BDCF2AB2A3E1006DFA32 /* ViewController.swift */,
				B7B1BDD12AB2A3E1006DFA32 /* Main.storyboard */,
				B7B1BDD42AB2A3E2006DFA32 /* Assets.xcassets */,
				B7B1BDD62AB2A3E2006DFA32 /* LaunchScreen.storyboard */,
				B7B1BDD92AB2A3E2006DFA32 /* Info.plist */,
				414AB96C2ABBE21C007C7DD8 /* DetalleViewController.swift */,
				41BC917D2ABE860400060CF3 /* PersonaViewController.swift */,
			);
			path = appPrueba;
			sourceTree = "<group>";
		};
/* End PBXGroup section */

/* Begin PBXNativeTarget section */
		B7B1BDC72AB2A3E1006DFA32 /* appPrueba */ = {
			isa = PBXNativeTarget;
			buildConfigurationList = B7B1BDDC2AB2A3E2006DFA32 /* Build configuration list for PBXNativeTarget "appPrueba" */;
			buildPhases = (
				B7B1BDC42AB2A3E1006DFA32 /* Sources */,
				B7B1BDC52AB2A3E1006DFA32 /* Frameworks */,
				B7B1BDC62AB2A3E1006DFA32 /* Resources */,
			);
			buildRules = (
			);
			dependencies = (
			);
			name = appPrueba;
			productName = appPrueba;
			productReference = B7B1BDC82AB2A3E1006DFA32 /* appPrueba.app */;
			productType = "com.apple.product-type.application";
		};
/* End PBXNativeTarget section */

/* Begin PBXProject section */
		B7B1BDC02AB2A3E1006DFA32 /* Project object */ = {
			isa = PBXProject;
			attributes = {
				BuildIndependentTargetsInParallel = 1;
				LastSwiftUpdateCheck = 1430;
				LastUpgradeCheck = 1430;
				TargetAttributes = {
					B7B1BDC72AB2A3E1006DFA32 = {
						CreatedOnToolsVersion = 14.3.1;
					};
				};
			};
			buildConfigurationList = B7B1BDC32AB2A3E1006DFA32 /* Build configuration list for PBXProject "appPrueba" */;
			compatibilityVersion = "Xcode 14.0";
			developmentRegion = en;
			hasScannedForEncodings = 0;
			knownRegions = (
				en,
				Base,
			);
			mainGroup = B7B1BDBF2AB2A3E1006DFA32;
			productRefGroup = B7B1BDC92AB2A3E1006DFA32 /* Products */;
			projectDirPath = "";
			projectRoot = "";
			targets = (
				B7B1BDC72AB2A3E1006DFA32 /* appPrueba */,
			);
		};
/* End PBXProject section */

/* Begin PBXResourcesBuildPhase section */
		B7B1BDC62AB2A3E1006DFA32 /* Resources */ = {
			isa = PBXResourcesBuildPhase;
			buildActionMask = 2147483647;
			files = (
				B7B1BDD82AB2A3E2006DFA32 /* LaunchScreen.storyboard in Resources */,
				B7B1BDD52AB2A3E2006DFA32 /* Assets.xcassets in Resources */,
				B7B1BDD32AB2A3E1006DFA32 /* Main.storyboard in Resources */,
			);
			runOnlyForDeploymentPostprocessing = 0;
		};
/* End PBXResourcesBuildPhase section */

/* Begin PBXSourcesBuildPhase section */
		B7B1BDC42AB2A3E1006DFA32 /* Sources */ = {
			isa = PBXSourcesBuildPhase;
			buildActionMask = 2147483647;
			files = (
				414AB96D2ABBE21C007C7DD8 /* DetalleViewController.swift in Sources */,
				B7B1BDD02AB2A3E1006DFA32 /* ViewController.swift in Sources */,
				B7B1BDCC2AB2A3E1006DFA32 /* AppDelegate.swift in Sources */,
				41BC917E2ABE860400060CF3 /* PersonaViewController.swift in Sources */,
				B7B1BDCE2AB2A3E1006DFA32 /* SceneDelegate.swift in Sources */,
			);
			runOnlyForDeploymentPostprocessing = 0;
		};
/* End PBXSourcesBuildPhase section */

/* Begin PBXVariantGroup section */
		B7B1BDD12AB2A3E1006DFA32 /* Main.storyboard */ = {
			isa = PBXVariantGroup;
			children = (
				B7B1BDD22AB2A3E1006DFA32 /* Base */,
			);
			name = Main.storyboard;
			sourceTree = "<group>";
		};
		B7B1BDD62AB2A3E2006DFA32 /* LaunchScreen.storyboard */ = {
			isa = PBXVariantGroup;
			children = (
				B7B1BDD72AB2A3E2006DFA32 /* Base */,
			);
			name = LaunchScreen.storyboard;
			sourceTree = "<group>";
		};
/* End PBXVariantGroup section */

/* Begin XCBuildConfiguration section */
		B7B1BDDA2AB2A3E2006DFA32 /* Debug */ = {
			isa = XCBuildConfiguration;
			buildSettings = {
				ALWAYS_SEARCH_USER_PATHS = NO;
				CLANG_ANALYZER_NONNULL = YES;
				CLANG_ANALYZER_NUMBER_OBJECT_CONVERSION = YES_AGGRESSIVE;
				CLANG_CXX_LANGUAGE_STANDARD = "gnu++20";
				CLANG_ENABLE_MODULES = YES;
				CLANG_ENABLE_OBJC_ARC = YES;
				CLANG_ENABLE_OBJC_WEAK = YES;
				CLANG_WARN_BLOCK_CAPTURE_AUTORELEASING = YES;
				CLANG_WARN_BOOL_CONVERSION = YES;
				CLANG_WARN_COMMA = YES;
				CLANG_WARN_CONSTANT_CONVERSION = YES;
				CLANG_WARN_DEPRECATED_OBJC_IMPLEMENTATIONS = YES;
				CLANG_WARN_DIRECT_OBJC_ISA_USAGE = YES_ERROR;
				CLANG_WARN_DOCUMENTATION_COMMENTS = YES;
				CLANG_WARN_EMPTY_BODY = YES;
				CLANG_WARN_ENUM_CONVERSION = YES;
				CLANG_WARN_INFINITE_RECURSION = YES;
				CLANG_WARN_INT_CONVERSION = YES;
				CLANG_WARN_NON_LITERAL_NULL_CONVERSION = YES;
				CLANG_WARN_OBJC_IMPLICIT_RETAIN_SELF = YES;
				CLANG_WARN_OBJC_LITERAL_CONVERSION = YES;
				CLANG_WARN_OBJC_ROOT_CLASS = YES_ERROR;
				CLANG_WARN_QUOTED_INCLUDE_IN_FRAMEWORK_HEADER = YES;
				CLANG_WARN_RANGE_LOOP_ANALYSIS = YES;
				CLANG_WARN_STRICT_PROTOTYPES = YES;
				CLANG_WARN_SUSPICIOUS_MOVE = YES;
				CLANG_WARN_UNGUARDED_AVAILABILITY = YES_AGGRESSIVE;
				CLANG_WARN_UNREACHABLE_CODE = YES;
				CLANG_WARN__DUPLICATE_METHOD_MATCH = YES;
				COPY_PHASE_STRIP = NO;
				DEBUG_INFORMATION_FORMAT = dwarf;
				ENABLE_STRICT_OBJC_MSGSEND = YES;
				ENABLE_TESTABILITY = YES;
				GCC_C_LANGUAGE_STANDARD = gnu11;
				GCC_DYNAMIC_NO_PIC = NO;
				GCC_NO_COMMON_BLOCKS = YES;
				GCC_OPTIMIZATION_LEVEL = 0;
				GCC_PREPROCESSOR_DEFINITIONS = (
					"DEBUG=1",
					"$(inherited)",
				);
				GCC_WARN_64_TO_32_BIT_CONVERSION = YES;
				GCC_WARN_ABOUT_RETURN_TYPE = YES_ERROR;
				GCC_WARN_UNDECLARED_SELECTOR = YES;
				GCC_WARN_UNINITIALIZED_AUTOS = YES_AGGRESSIVE;
				GCC_WARN_UNUSED_FUNCTION = YES;
				GCC_WARN_UNUSED_VARIABLE = YES;
				IPHONEOS_DEPLOYMENT_TARGET = 16.4;
				MTL_ENABLE_DEBUG_INFO = INCLUDE_SOURCE;
				MTL_FAST_MATH = YES;
				ONLY_ACTIVE_ARCH = YES;
				SDKROOT = iphoneos;
				SWIFT_ACTIVE_COMPILATION_CONDITIONS = DEBUG;
				SWIFT_OPTIMIZATION_LEVEL = "-Onone";
			};
			name = Debug;
		};
		B7B1BDDB2AB2A3E2006DFA32 /* Release */ = {
			isa = XCBuildConfiguration;
			buildSettings = {
				ALWAYS_SEARCH_USER_PATHS = NO;
				CLANG_ANALYZER_NONNULL = YES;
				CLANG_ANALYZER_NUMBER_OBJECT_CONVERSION = YES_AGGRESSIVE;
				CLANG_CXX_LANGUAGE_STANDARD = "gnu++20";
				CLANG_ENABLE_MODULES = YES;
				CLANG_ENABLE_OBJC_ARC = YES;
				CLANG_ENABLE_OBJC_WEAK = YES;
				CLANG_WARN_BLOCK_CAPTURE_AUTORELEASING = YES;
				CLANG_WARN_BOOL_CONVERSION = YES;
				CLANG_WARN_COMMA = YES;
				CLANG_WARN_CONSTANT_CONVERSION = YES;
				CLANG_WARN_DEPRECATED_OBJC_IMPLEMENTATIONS = YES;
				CLANG_WARN_DIRECT_OBJC_ISA_USAGE = YES_ERROR;
				CLANG_WARN_DOCUMENTATION_COMMENTS = YES;
				CLANG_WARN_EMPTY_BODY = YES;
				CLANG_WARN_ENUM_CONVERSION = YES;
				CLANG_WARN_INFINITE_RECURSION = YES;
				CLANG_WARN_INT_CONVERSION = YES;
				CLANG_WARN_NON_LITERAL_NULL_CONVERSION = YES;
				CLANG_WARN_OBJC_IMPLICIT_RETAIN_SELF = YES;
				CLANG_WARN_OBJC_LITERAL_CONVERSION = YES;
				CLANG_WARN_OBJC_ROOT_CLASS = YES_ERROR;
				CLANG_WARN_QUOTED_INCLUDE_IN_FRAMEWORK_HEADER = YES;
				CLANG_WARN_RANGE_LOOP_ANALYSIS = YES;
				CLANG_WARN_STRICT_PROTOTYPES = YES;
				CLANG_WARN_SUSPICIOUS_MOVE = YES;
				CLANG_WARN_UNGUARDED_AVAILABILITY = YES_AGGRESSIVE;
				CLANG_WARN_UNREACHABLE_CODE = YES;
				CLANG_WARN__DUPLICATE_METHOD_MATCH = YES;
				COPY_PHASE_STRIP = NO;
				DEBUG_INFORMATION_FORMAT = "dwarf-with-dsym";
				ENABLE_NS_ASSERTIONS = NO;
				ENABLE_STRICT_OBJC_MSGSEND = YES;
				GCC_C_LANGUAGE_STANDARD = gnu11;
				GCC_NO_COMMON_BLOCKS = YES;
				GCC_WARN_64_TO_32_BIT_CONVERSION = YES;
				GCC_WARN_ABOUT_RETURN_TYPE = YES_ERROR;
				GCC_WARN_UNDECLARED_SELECTOR = YES;
				GCC_WARN_UNINITIALIZED_AUTOS = YES_AGGRESSIVE;
				GCC_WARN_UNUSED_FUNCTION = YES;
				GCC_WARN_UNUSED_VARIABLE = YES;
				IPHONEOS_DEPLOYMENT_TARGET = 16.4;
				MTL_ENABLE_DEBUG_INFO = NO;
				MTL_FAST_MATH = YES;
				SDKROOT = iphoneos;
				SWIFT_COMPILATION_MODE = wholemodule;
				SWIFT_OPTIMIZATION_LEVEL = "-O";
				VALIDATE_PRODUCT = YES;
			};
			name = Release;
		};
		B7B1BDDD2AB2A3E2006DFA32 /* Debug */ = {
			isa = XCBuildConfiguration;
			buildSettings = {
				ASSETCATALOG_COMPILER_APPICON_NAME = AppIcon;
				ASSETCATALOG_COMPILER_GLOBAL_ACCENT_COLOR_NAME = AccentColor;
				CODE_SIGN_STYLE = Automatic;
				CURRENT_PROJECT_VERSION = 1;
				GENERATE_INFOPLIST_FILE = YES;
				INFOPLIST_FILE = appPrueba/Info.plist;
				INFOPLIST_KEY_UIApplicationSupportsIndirectInputEvents = YES;
				INFOPLIST_KEY_UILaunchStoryboardName = LaunchScreen;
				INFOPLIST_KEY_UIMainStoryboardFile = Main;
				INFOPLIST_KEY_UISupportedInterfaceOrientations_iPad = "UIInterfaceOrientationPortrait UIInterfaceOrientationPortraitUpsideDown UIInterfaceOrientationLandscapeLeft UIInterfaceOrientationLandscapeRight";
				INFOPLIST_KEY_UISupportedInterfaceOrientations_iPhone = "UIInterfaceOrientationPortrait UIInterfaceOrientationLandscapeLeft UIInterfaceOrientationLandscapeRight";
				LD_RUNPATH_SEARCH_PATHS = (
					"$(inherited)",
					"@executable_path/Frameworks",
				);
				MARKETING_VERSION = 1.0;
				PRODUCT_BUNDLE_IDENTIFIER = cibertec.edu.pe.appPrueba;
				PRODUCT_NAME = "$(TARGET_NAME)";
				SWIFT_EMIT_LOC_STRINGS = YES;
				SWIFT_VERSION = 5.0;
				TARGETED_DEVICE_FAMILY = "1,2";
			};
			name = Debug;
		};
		B7B1BDDE2AB2A3E2006DFA32 /* Release */ = {
			isa = XCBuildConfiguration;
			buildSettings = {
				ASSETCATALOG_COMPILER_APPICON_NAME = AppIcon;
				ASSETCATALOG_COMPILER_GLOBAL_ACCENT_COLOR_NAME = AccentColor;
				CODE_SIGN_STYLE = Automatic;
				CURRENT_PROJECT_VERSION = 1;
				GENERATE_INFOPLIST_FILE = YES;
				INFOPLIST_FILE = appPrueba/Info.plist;
				INFOPLIST_KEY_UIApplicationSupportsIndirectInputEvents = YES;
				INFOPLIST_KEY_UILaunchStoryboardName = LaunchScreen;
				INFOPLIST_KEY_UIMainStoryboardFile = Main;
				INFOPLIST_KEY_UISupportedInterfaceOrientations_iPad = "UIInterfaceOrientationPortrait UIInterfaceOrientationPortraitUpsideDown UIInterfaceOrientationLandscapeLeft UIInterfaceOrientationLandscapeRight";
				INFOPLIST_KEY_UISupportedInterfaceOrientations_iPhone = "UIInterfaceOrientationPortrait UIInterfaceOrientationLandscapeLeft UIInterfaceOrientationLandscapeRight";
				LD_RUNPATH_SEARCH_PATHS = (
					"$(inherited)",
					"@executable_path/Frameworks",
				);
				MARKETING_VERSION = 1.0;
				PRODUCT_BUNDLE_IDENTIFIER = cibertec.edu.pe.appPrueba;
				PRODUCT_NAME = "$(TARGET_NAME)";
				SWIFT_EMIT_LOC_STRINGS = YES;
				SWIFT_VERSION = 5.0;
				TARGETED_DEVICE_FAMILY = "1,2";
			};
			name = Release;
		};
/* End XCBuildConfiguration section */

/* Begin XCConfigurationList section */
		B7B1BDC32AB2A3E1006DFA32 /* Build configuration list for PBXProject "appPrueba" */ = {
			isa = XCConfigurationList;
			buildConfigurations = (
				B7B1BDDA2AB2A3E2006DFA32 /* Debug */,
				B7B1BDDB2AB2A3E2006DFA32 /* Release */,
			);
			defaultConfigurationIsVisible = 0;
			defaultConfigurationName = Release;
		};
		B7B1BDDC2AB2A3E2006DFA32 /* Build configuration list for PBXNativeTarget "appPrueba" */ = {
			isa = XCConfigurationList;
			buildConfigurations = (
				B7B1BDDD2AB2A3E2006DFA32 /* Debug */,
				B7B1BDDE2AB2A3E2006DFA32 /* Release */,
			);
			defaultConfigurationIsVisible = 0;
			defaultConfigurationName = Release;
		};
/* End XCConfigurationList section */
	};
	rootObject = B7B1BDC02AB2A3E1006DFA32 /* Project object */;
}
